<?xml version="1.0" encoding="utf-8"?>
<Project ToolsVersion="4.0" xmlns="http://schemas.microsoft.com/developer/msbuild/2003">
  <ItemGroup>
    <Filter Include="源文件">
      <UniqueIdentifier>{4FC737F1-C7A5-4376-A066-2A32D752A2FF}</UniqueIdentifier>
      <Extensions>cpp;c;cc;cxx;c++;cppm;ixx;def;odl;idl;hpj;bat;asm;asmx</Extensions>
    </Filter>
    <Filter Include="头文件">
      <UniqueIdentifier>{93995380-89BD-4b04-88EB-625FBE52EBFB}</UniqueIdentifier>
      <Extensions>h;hh;hpp;hxx;h++;hm;inl;inc;ipp;xsd</Extensions>
    </Filter>
    <Filter Include="资源文件">
      <UniqueIdentifier>{67DA6AB6-F800-4c08-8B7A-83BB121AAD01}</UniqueIdentifier>
      <Extensions>rc;ico;cur;bmp;dlg;rc2;rct;bin;rgs;gif;jpg;jpeg;jpe;resx;tiff;tif;png;wav;mfcribbon-ms</Extensions>
    </Filter>
    <Filter Include="源文件\实验一_题目1_链表排序">
      <UniqueIdentifier>{18f9beb5-52a1-439e-ac43-7be1c4a0296a}</UniqueIdentifier>
    </Filter>
    <Filter Include="源文件\实验一_题目3_约瑟夫问题">
      <UniqueIdentifier>{cc6fe5d5-926b-4d47-9543-3b2067ab507c}</UniqueIdentifier>
    </Filter>
  </ItemGroup>
  <ItemGroup>
    <ClCompile Include="单链表上的排序运算FUNC.c">
      <Filter>源文件\实验一_题目1_链表排序</Filter>
    </ClCompile>
    <ClCompile Include="单链表上的排序运算MAIN.c">
      <Filter>源文件\实验一_题目1_链表排序</Filter>
    </ClCompile>
  </ItemGroup>
  <ItemGroup>
    <ClInclude Include="单链表上的排序运算.h">
      <Filter>头文件</Filter>
    </ClInclude>
  </ItemGroup>
</Project>